
Microsoft Visual Studio Solution File, Format Version 12.00
# Visual Studio Version 16
VisualStudioVersion = 16.0.30523.141
MinimumVisualStudioVersion = 10.0.40219.1
Project("{FAE04EC0-301F-11D3-BF4B-00C04F79EFBC}") = "Business", "Business\Business.csproj", "{2E0D3AFB-CF30-4496-94EE-C2E402797C92}"
EndProject
Project("{FAE04EC0-301F-11D3-BF4B-00C04F79EFBC}") = "DataAccess", "DataAccess\DataAccess.csproj", "{BE614600-4929-4E08-8E4D-85745249DEE0}"
EndProject
Project("{FAE04EC0-301F-11D3-BF4B-00C04F79EFBC}") = "Entity", "Entity\Entity.csproj", "{285C2E9B-C42B-4601-9C29-2176C8F3BBCF}"
EndProject
Project("{FAE04EC0-301F-11D3-BF4B-00C04F79EFBC}") = "WinForm.UI", "WinForm.UI\WinForm.UI.csproj", "{B6756ABB-378F-4228-B441-A30A6A2D2032}"
EndProject
Project("{FAE04EC0-301F-11D3-BF4B-00C04F79EFBC}") = "ApuAttendance.Api", "ApuAttendance.Api\ApuAttendance.Api.csproj", "{8A43F8E9-8FF3-4C4B-B51F-ABC329DA2BF4}"
EndProject
Global
	GlobalSection(SolutionConfigurationPlatforms) = preSolution
		Debug|Any CPU = Debug|Any CPU
		Debug|x86 = Debug|x86
		Release|Any CPU = Release|Any CPU
		Release|x86 = Release|x86
	EndGlobalSection
	GlobalSection(ProjectConfigurationPlatforms) = postSolution
		{2E0D3AFB-CF30-4496-94EE-C2E402797C92}.Debug|Any CPU.ActiveCfg = Debug|Any CPU
		{2E0D3AFB-CF30-4496-94EE-C2E402797C92}.Debug|Any CPU.Build.0 = Debug|Any CPU
		{2E0D3AFB-CF30-4496-94EE-C2E402797C92}.Debug|x86.ActiveCfg = Debug|x86
		{2E0D3AFB-CF30-4496-94EE-C2E402797C92}.Debug|x86.Build.0 = Debug|x86
		{2E0D3AFB-CF30-4496-94EE-C2E402797C92}.Release|Any CPU.ActiveCfg = Release|Any CPU
		{2E0D3AFB-CF30-4496-94EE-C2E402797C92}.Release|Any CPU.Build.0 = Release|Any CPU
		{2E0D3AFB-CF30-4496-94EE-C2E402797C92}.Release|x86.ActiveCfg = Release|x86
		{2E0D3AFB-CF30-4496-94EE-C2E402797C92}.Release|x86.Build.0 = Release|x86
		{BE614600-4929-4E08-8E4D-85745249DEE0}.Debug|Any CPU.ActiveCfg = Debug|Any CPU
		{BE614600-4929-4E08-8E4D-85745249DEE0}.Debug|Any CPU.Build.0 = Debug|Any CPU
		{BE614600-4929-4E08-8E4D-85745249DEE0}.Debug|x86.ActiveCfg = Debug|x86
		{BE614600-4929-4E08-8E4D-85745249DEE0}.Debug|x86.Build.0 = Debug|x86
		{BE614600-4929-4E08-8E4D-85745249DEE0}.Release|Any CPU.ActiveCfg = Release|Any CPU
		{BE614600-4929-4E08-8E4D-85745249DEE0}.Release|Any CPU.Build.0 = Release|Any CPU
		{BE614600-4929-4E08-8E4D-85745249DEE0}.Release|x86.ActiveCfg = Release|x86
		{BE614600-4929-4E08-8E4D-85745249DEE0}.Release|x86.Build.0 = Release|x86
		{285C2E9B-C42B-4601-9C29-2176C8F3BBCF}.Debug|Any CPU.ActiveCfg = Debug|Any CPU
		{285C2E9B-C42B-4601-9C29-2176C8F3BBCF}.Debug|Any CPU.Build.0 = Debug|Any CPU
		{285C2E9B-C42B-4601-9C29-2176C8F3BBCF}.Debug|x86.ActiveCfg = Debug|x86
		{285C2E9B-C42B-4601-9C29-2176C8F3BBCF}.Debug|x86.Build.0 = Debug|x86
		{285C2E9B-C42B-4601-9C29-2176C8F3BBCF}.Release|Any CPU.ActiveCfg = Release|Any CPU
		{285C2E9B-C42B-4601-9C29-2176C8F3BBCF}.Release|Any CPU.Build.0 = Release|Any CPU
		{285C2E9B-C42B-4601-9C29-2176C8F3BBCF}.Release|x86.ActiveCfg = Release|x86
		{285C2E9B-C42B-4601-9C29-2176C8F3BBCF}.Release|x86.Build.0 = Release|x86
		{B6756ABB-378F-4228-B441-A30A6A2D2032}.Debug|Any CPU.ActiveCfg = Debug|Any CPU
		{B6756ABB-378F-4228-B441-A30A6A2D2032}.Debug|Any CPU.Build.0 = Debug|Any CPU
		{B6756ABB-378F-4228-B441-A30A6A2D2032}.Debug|x86.ActiveCfg = Debug|x86
		{B6756ABB-378F-4228-B441-A30A6A2D2032}.Debug|x86.Build.0 = Debug|x86
		{B6756ABB-378F-4228-B441-A30A6A2D2032}.Release|Any CPU.ActiveCfg = Release|Any CPU
		{B6756ABB-378F-4228-B441-A30A6A2D2032}.Release|Any CPU.Build.0 = Release|Any CPU
		{B6756ABB-378F-4228-B441-A30A6A2D2032}.Release|x86.ActiveCfg = Release|x86
		{B6756ABB-378F-4228-B441-A30A6A2D2032}.Release|x86.Build.0 = Release|x86
		{8A43F8E9-8FF3-4C4B-B51F-ABC329DA2BF4}.Debug|Any CPU.ActiveCfg = Debug|Any CPU
		{8A43F8E9-8FF3-4C4B-B51F-ABC329DA2BF4}.Debug|Any CPU.Build.0 = Debug|Any CPU
		{8A43F8E9-8FF3-4C4B-B51F-ABC329DA2BF4}.Debug|x86.ActiveCfg = Debug|Any CPU
		{8A43F8E9-8FF3-4C4B-B51F-ABC329DA2BF4}.Debug|x86.Build.0 = Debug|Any CPU
		{8A43F8E9-8FF3-4C4B-B51F-ABC329DA2BF4}.Release|Any CPU.ActiveCfg = Release|Any CPU
		{8A43F8E9-8FF3-4C4B-B51F-ABC329DA2BF4}.Release|Any CPU.Build.0 = Release|Any CPU
		{8A43F8E9-8FF3-4C4B-B51F-ABC329DA2BF4}.Release|x86.ActiveCfg = Release|Any CPU
		{8A43F8E9-8FF3-4C4B-B51F-ABC329DA2BF4}.Release|x86.Build.0 = Release|Any CPU
	EndGlobalSection
	GlobalSection(SolutionProperties) = preSolution
		HideSolutionNode = FALSE
	EndGlobalSection
	GlobalSection(ExtensibilityGlobals) = postSolution
		SolutionGuid = {05F6B0DE-3B61-4FA0-847E-84AFDB3BE862}
	EndGlobalSection
EndGlobal
